
Microsoft Visual Studio Solution File, Format Version 12.00
# Visual Studio Version 16
VisualStudioVersion = 16.0.31410.357
MinimumVisualStudioVersion = 10.0.40219.1
Project("{FAE04EC0-301F-11D3-BF4B-00C04F79EFBC}") = "ImageProcessing", "ImageProcessing\ImageProcessing.csproj", "{4DABDA27-24AD-43B8-8D57-E806E441EA6C}"
EndProject
Global
	GlobalSection(SolutionConfigurationPlatforms) = preSolution
		Debug|Any CPU = Debug|Any CPU
		Release|Any CPU = Release|Any CPU
	EndGlobalSection
	GlobalSection(ProjectConfigurationPlatforms) = postSolution
		{4DABDA27-24AD-43B8-8D57-E806E441EA6C}.Debug|Any CPU.ActiveCfg = Debug|Any CPU
		{4DABDA27-24AD-43B8-8D57-E806E441EA6C}.Debug|Any CPU.Build.0 = Debug|Any CPU
		{4DABDA27-24AD-43B8-8D57-E806E441EA6C}.Release|Any CPU.ActiveCfg = Release|Any CPU
		{4DABDA27-24AD-43B8-8D57-E806E441EA6C}.Release|Any CPU.Build.0 = Release|Any CPU
	EndGlobalSection
	GlobalSection(SolutionProperties) = preSolution
		HideSolutionNode = FALSE
	EndGlobalSection
	GlobalSection(ExtensibilityGlobals) = postSolution
		SolutionGuid = {0B2D588C-F461-465D-8523-8197D0B86E99}
	EndGlobalSection
EndGlobal
